
Microsoft Visual Studio Solution File, Format Version 12.00
# Visual Studio Version 16
VisualStudioVersion = 16.0.30427.197
MinimumVisualStudioVersion = 10.0.40219.1
Project("{9A19103F-16F7-4668-BE54-9A1E7A4F7556}") = "GtR", "GtR\GtR.csproj", "{38CCF06B-B41E-4FDE-9F77-54E5FF1CF4DF}"
EndProject
Project("{FAE04EC0-301F-11D3-BF4B-00C04F79EFBC}") = "GtR.Web", "GtR.Web\GtR.Web.csproj", "{D41B25CD-4C25-48E4-AF9F-5E83FC3B2DBE}"
EndProject
Global
	GlobalSection(SolutionConfigurationPlatforms) = preSolution
		Debug|Any CPU = Debug|Any CPU
		Release|Any CPU = Release|Any CPU
	EndGlobalSection
	GlobalSection(ProjectConfigurationPlatforms) = postSolution
		{38CCF06B-B41E-4FDE-9F77-54E5FF1CF4DF}.Debug|Any CPU.ActiveCfg = Debug|Any CPU
		{38CCF06B-B41E-4FDE-9F77-54E5FF1CF4DF}.Debug|Any CPU.Build.0 = Debug|Any CPU
		{38CCF06B-B41E-4FDE-9F77-54E5FF1CF4DF}.Release|Any CPU.ActiveCfg = Release|Any CPU
		{38CCF06B-B41E-4FDE-9F77-54E5FF1CF4DF}.Release|Any CPU.Build.0 = Release|Any CPU
		{D41B25CD-4C25-48E4-AF9F-5E83FC3B2DBE}.Debug|Any CPU.ActiveCfg = Debug|Any CPU
		{D41B25CD-4C25-48E4-AF9F-5E83FC3B2DBE}.Debug|Any CPU.Build.0 = Debug|Any CPU
		{D41B25CD-4C25-48E4-AF9F-5E83FC3B2DBE}.Release|Any CPU.ActiveCfg = Release|Any CPU
		{D41B25CD-4C25-48E4-AF9F-5E83FC3B2DBE}.Release|Any CPU.Build.0 = Release|Any CPU
	EndGlobalSection
	GlobalSection(SolutionProperties) = preSolution
		HideSolutionNode = FALSE
	EndGlobalSection
	GlobalSection(ExtensibilityGlobals) = postSolution
		SolutionGuid = {B46496A4-5240-4E47-9670-6B9C1873DEDE}
	EndGlobalSection
EndGlobal
